
Microsoft Visual Studio Solution File, Format Version 12.00
# Visual Studio Version 17
VisualStudioVersion = 17.5.33627.172
MinimumVisualStudioVersion = 10.0.40219.1
Project("{FAE04EC0-301F-11D3-BF4B-00C04F79EFBC}") = "SimonWestApp.Server", "SimonWestApp\Server\SimonWestApp.Server.csproj", "{AF92C0C2-7792-4D66-944E-BD413B1F7EBF}"
EndProject
Project("{FAE04EC0-301F-11D3-BF4B-00C04F79EFBC}") = "SimonWestApp.Client", "SimonWestApp\Client\SimonWestApp.Client.csproj", "{4F9464E3-B1A3-4B00-9D8A-81D86B42329B}"
EndProject
Project("{FAE04EC0-301F-11D3-BF4B-00C04F79EFBC}") = "SimonWestApp.Shared", "SimonWestApp\Shared\SimonWestApp.Shared.csproj", "{8F91BC93-910F-4106-9684-777D0670CC22}"
EndProject
Global
	GlobalSection(SolutionConfigurationPlatforms) = preSolution
		Debug|Any CPU = Debug|Any CPU
		Release|Any CPU = Release|Any CPU
	EndGlobalSection
	GlobalSection(ProjectConfigurationPlatforms) = postSolution
		{AF92C0C2-7792-4D66-944E-BD413B1F7EBF}.Debug|Any CPU.ActiveCfg = Debug|Any CPU
		{AF92C0C2-7792-4D66-944E-BD413B1F7EBF}.Debug|Any CPU.Build.0 = Debug|Any CPU
		{AF92C0C2-7792-4D66-944E-BD413B1F7EBF}.Release|Any CPU.ActiveCfg = Release|Any CPU
		{AF92C0C2-7792-4D66-944E-BD413B1F7EBF}.Release|Any CPU.Build.0 = Release|Any CPU
		{4F9464E3-B1A3-4B00-9D8A-81D86B42329B}.Debug|Any CPU.ActiveCfg = Debug|Any CPU
		{4F9464E3-B1A3-4B00-9D8A-81D86B42329B}.Debug|Any CPU.Build.0 = Debug|Any CPU
		{4F9464E3-B1A3-4B00-9D8A-81D86B42329B}.Release|Any CPU.ActiveCfg = Release|Any CPU
		{4F9464E3-B1A3-4B00-9D8A-81D86B42329B}.Release|Any CPU.Build.0 = Release|Any CPU
		{8F91BC93-910F-4106-9684-777D0670CC22}.Debug|Any CPU.ActiveCfg = Debug|Any CPU
		{8F91BC93-910F-4106-9684-777D0670CC22}.Debug|Any CPU.Build.0 = Debug|Any CPU
		{8F91BC93-910F-4106-9684-777D0670CC22}.Release|Any CPU.ActiveCfg = Release|Any CPU
		{8F91BC93-910F-4106-9684-777D0670CC22}.Release|Any CPU.Build.0 = Release|Any CPU
	EndGlobalSection
	GlobalSection(SolutionProperties) = preSolution
		HideSolutionNode = FALSE
	EndGlobalSection
	GlobalSection(ExtensibilityGlobals) = postSolution
		SolutionGuid = {C9895194-39C0-4FB2-9C70-8DA213F2DA91}
	EndGlobalSection
EndGlobal
